// !$*UTF8*$!
{
	archiveVersion = 1;
	classes = {
	};
	objectVersion = 50;
	objects = {

/* Begin PBXBuildFile section */
		8BBF7097DFEA8E0F1ED47F5A /* Pods_HangerUITests.framework in Frameworks */ = {isa = PBXBuildFile; fileRef = 525CF268D7CD92037FC722AF /* Pods_HangerUITests.framework */; };
		956869B60F21914B233F8E51 /* Pods_Hanger.framework in Frameworks */ = {isa = PBXBuildFile; fileRef = 81386EF7D8874898FA28C5CB /* Pods_Hanger.framework */; };
		A351A9D2EC19A512320C264D /* Pods_HangerTests.framework in Frameworks */ = {isa = PBXBuildFile; fileRef = DC48C1F32665A12658621122 /* Pods_HangerTests.framework */; };
		ED11D81E223EE7AB004A76C8 /* GiveYouGlory.ttf in Resources */ = {isa = PBXBuildFile; fileRef = ED11D81D223EE7A7004A76C8 /* GiveYouGlory.ttf */; };
		ED11D820223EEB1C004A76C8 /* NoYesButton.swift in Sources */ = {isa = PBXBuildFile; fileRef = ED11D81F223EEB1C004A76C8 /* NoYesButton.swift */; };
		ED11D822223EF73A004A76C8 /* ClothingItem.swift in Sources */ = {isa = PBXBuildFile; fileRef = ED11D821223EF73A004A76C8 /* ClothingItem.swift */; };
		ED11D824223F05CE004A76C8 /* LikedClothesViewController.swift in Sources */ = {isa = PBXBuildFile; fileRef = ED11D823223F05CE004A76C8 /* LikedClothesViewController.swift */; };
		ED11D826223F6650004A76C8 /* LikedItemCollectionViewCell.swift in Sources */ = {isa = PBXBuildFile; fileRef = ED11D825223F6650004A76C8 /* LikedItemCollectionViewCell.swift */; };
		ED9D674C223AFB720012A750 /* AppDelegate.swift in Sources */ = {isa = PBXBuildFile; fileRef = ED9D674B223AFB720012A750 /* AppDelegate.swift */; };
		ED9D674E223AFB720012A750 /* HomeViewController.swift in Sources */ = {isa = PBXBuildFile; fileRef = ED9D674D223AFB720012A750 /* HomeViewController.swift */; };
		ED9D6751223AFB720012A750 /* Main.storyboard in Resources */ = {isa = PBXBuildFile; fileRef = ED9D674F223AFB720012A750 /* Main.storyboard */; };
		ED9D6753223AFB730012A750 /* Assets.xcassets in Resources */ = {isa = PBXBuildFile; fileRef = ED9D6752223AFB730012A750 /* Assets.xcassets */; };
		ED9D6756223AFB730012A750 /* LaunchScreen.storyboard in Resources */ = {isa = PBXBuildFile; fileRef = ED9D6754223AFB730012A750 /* LaunchScreen.storyboard */; };
		ED9D6761223AFB730012A750 /* HangerTests.swift in Sources */ = {isa = PBXBuildFile; fileRef = ED9D6760223AFB730012A750 /* HangerTests.swift */; };
		ED9D676C223AFB730012A750 /* HangerUITests.swift in Sources */ = {isa = PBXBuildFile; fileRef = ED9D676B223AFB730012A750 /* HangerUITests.swift */; };
		ED9D677A223B02FE0012A750 /* ClothingItemView.xib in Resources */ = {isa = PBXBuildFile; fileRef = ED9D6779223B02FE0012A750 /* ClothingItemView.xib */; };
		ED9D677C223B06170012A750 /* ClothingItemKolodaView.swift in Sources */ = {isa = PBXBuildFile; fileRef = ED9D677B223B06170012A750 /* ClothingItemKolodaView.swift */; };
/* End PBXBuildFile section */

/* Begin PBXContainerItemProxy section */
		ED9D675D223AFB730012A750 /* PBXContainerItemProxy */ = {
			isa = PBXContainerItemProxy;
			containerPortal = ED9D6740223AFB720012A750 /* Project object */;
			proxyType = 1;
			remoteGlobalIDString = ED9D6747223AFB720012A750;
			remoteInfo = Hanger;
		};
		ED9D6768223AFB730012A750 /* PBXContainerItemProxy */ = {
			isa = PBXContainerItemProxy;
			containerPortal = ED9D6740223AFB720012A750 /* Project object */;
			proxyType = 1;
			remoteGlobalIDString = ED9D6747223AFB720012A750;
			remoteInfo = Hanger;
		};
/* End PBXContainerItemProxy section */

/* Begin PBXFileReference section */
		09E9B7E89644E3F1C768DD15 /* Pods-Hanger.debug.xcconfig */ = {isa = PBXFileReference; includeInIndex = 1; lastKnownFileType = text.xcconfig; name = "Pods-Hanger.debug.xcconfig"; path = "Target Support Files/Pods-Hanger/Pods-Hanger.debug.xcconfig"; sourceTree = "<group>"; };
		154B089F3DC14E5677520DC8 /* Pods-Hanger.release.xcconfig */ = {isa = PBXFileReference; includeInIndex = 1; lastKnownFileType = text.xcconfig; name = "Pods-Hanger.release.xcconfig"; path = "Target Support Files/Pods-Hanger/Pods-Hanger.release.xcconfig"; sourceTree = "<group>"; };
		419D2146E8EBCECC7026FEFB /* Pods-HangerUITests.debug.xcconfig */ = {isa = PBXFileReference; includeInIndex = 1; lastKnownFileType = text.xcconfig; name = "Pods-HangerUITests.debug.xcconfig"; path = "Target Support Files/Pods-HangerUITests/Pods-HangerUITests.debug.xcconfig"; sourceTree = "<group>"; };
		525CF268D7CD92037FC722AF /* Pods_HangerUITests.framework */ = {isa = PBXFileReference; explicitFileType = wrapper.framework; includeInIndex = 0; path = Pods_HangerUITests.framework; sourceTree = BUILT_PRODUCTS_DIR; };
		81386EF7D8874898FA28C5CB /* Pods_Hanger.framework */ = {isa = PBXFileReference; explicitFileType = wrapper.framework; includeInIndex = 0; path = Pods_Hanger.framework; sourceTree = BUILT_PRODUCTS_DIR; };
		9780A8B607A43A6CC694B997 /* Pods-HangerTests.release.xcconfig */ = {isa = PBXFileReference; includeInIndex = 1; lastKnownFileType = text.xcconfig; name = "Pods-HangerTests.release.xcconfig"; path = "Target Support Files/Pods-HangerTests/Pods-HangerTests.release.xcconfig"; sourceTree = "<group>"; };
		B97C28E3C427E686C07C95AD /* Pods-HangerTests.debug.xcconfig */ = {isa = PBXFileReference; includeInIndex = 1; lastKnownFileType = text.xcconfig; name = "Pods-HangerTests.debug.xcconfig"; path = "Target Support Files/Pods-HangerTests/Pods-HangerTests.debug.xcconfig"; sourceTree = "<group>"; };
		D76A012857E3C307AD21E3CA /* Pods-HangerUITests.release.xcconfig */ = {isa = PBXFileReference; includeInIndex = 1; lastKnownFileType = text.xcconfig; name = "Pods-HangerUITests.release.xcconfig"; path = "Target Support Files/Pods-HangerUITests/Pods-HangerUITests.release.xcconfig"; sourceTree = "<group>"; };
		DC48C1F32665A12658621122 /* Pods_HangerTests.framework */ = {isa = PBXFileReference; explicitFileType = wrapper.framework; includeInIndex = 0; path = Pods_HangerTests.framework; sourceTree = BUILT_PRODUCTS_DIR; };
		ED11D81D223EE7A7004A76C8 /* GiveYouGlory.ttf */ = {isa = PBXFileReference; lastKnownFileType = file; path = GiveYouGlory.ttf; sourceTree = "<group>"; };
		ED11D81F223EEB1C004A76C8 /* NoYesButton.swift */ = {isa = PBXFileReference; lastKnownFileType = sourcecode.swift; path = NoYesButton.swift; sourceTree = "<group>"; };
		ED11D821223EF73A004A76C8 /* ClothingItem.swift */ = {isa = PBXFileReference; lastKnownFileType = sourcecode.swift; path = ClothingItem.swift; sourceTree = "<group>"; };
		ED11D823223F05CE004A76C8 /* LikedClothesViewController.swift */ = {isa = PBXFileReference; lastKnownFileType = sourcecode.swift; path = LikedClothesViewController.swift; sourceTree = "<group>"; };
		ED11D825223F6650004A76C8 /* LikedItemCollectionViewCell.swift */ = {isa = PBXFileReference; lastKnownFileType = sourcecode.swift; path = LikedItemCollectionViewCell.swift; sourceTree = "<group>"; };
		ED9D6748223AFB720012A750 /* Hanger.app */ = {isa = PBXFileReference; explicitFileType = wrapper.application; includeInIndex = 0; path = Hanger.app; sourceTree = BUILT_PRODUCTS_DIR; };
		ED9D674B223AFB720012A750 /* AppDelegate.swift */ = {isa = PBXFileReference; lastKnownFileType = sourcecode.swift; path = AppDelegate.swift; sourceTree = "<group>"; };
		ED9D674D223AFB720012A750 /* HomeViewController.swift */ = {isa = PBXFileReference; lastKnownFileType = sourcecode.swift; path = HomeViewController.swift; sourceTree = "<group>"; };
		ED9D6750223AFB720012A750 /* Base */ = {isa = PBXFileReference; lastKnownFileType = file.storyboard; name = Base; path = Base.lproj/Main.storyboard; sourceTree = "<group>"; };
		ED9D6752223AFB730012A750 /* Assets.xcassets */ = {isa = PBXFileReference; lastKnownFileType = folder.assetcatalog; path = Assets.xcassets; sourceTree = "<group>"; };
		ED9D6755223AFB730012A750 /* Base */ = {isa = PBXFileReference; lastKnownFileType = file.storyboard; name = Base; path = Base.lproj/LaunchScreen.storyboard; sourceTree = "<group>"; };
		ED9D6757223AFB730012A750 /* Info.plist */ = {isa = PBXFileReference; lastKnownFileType = text.plist.xml; path = Info.plist; sourceTree = "<group>"; };
		ED9D675C223AFB730012A750 /* HangerTests.xctest */ = {isa = PBXFileReference; explicitFileType = wrapper.cfbundle; includeInIndex = 0; path = HangerTests.xctest; sourceTree = BUILT_PRODUCTS_DIR; };
		ED9D6760223AFB730012A750 /* HangerTests.swift */ = {isa = PBXFileReference; lastKnownFileType = sourcecode.swift; path = HangerTests.swift; sourceTree = "<group>"; };
		ED9D6762223AFB730012A750 /* Info.plist */ = {isa = PBXFileReference; lastKnownFileType = text.plist.xml; path = Info.plist; sourceTree = "<group>"; };
		ED9D6767223AFB730012A750 /* HangerUITests.xctest */ = {isa = PBXFileReference; explicitFileType = wrapper.cfbundle; includeInIndex = 0; path = HangerUITests.xctest; sourceTree = BUILT_PRODUCTS_DIR; };
		ED9D676B223AFB730012A750 /* HangerUITests.swift */ = {isa = PBXFileReference; lastKnownFileType = sourcecode.swift; path = HangerUITests.swift; sourceTree = "<group>"; };
		ED9D676D223AFB730012A750 /* Info.plist */ = {isa = PBXFileReference; lastKnownFileType = text.plist.xml; path = Info.plist; sourceTree = "<group>"; };
		ED9D6779223B02FE0012A750 /* ClothingItemView.xib */ = {isa = PBXFileReference; lastKnownFileType = file.xib; path = ClothingItemView.xib; sourceTree = "<group>"; };
		ED9D677B223B06170012A750 /* ClothingItemKolodaView.swift */ = {isa = PBXFileReference; lastKnownFileType = sourcecode.swift; path = ClothingItemKolodaView.swift; sourceTree = "<group>"; };
/* End PBXFileReference section */

/* Begin PBXFrameworksBuildPhase section */
		ED9D6745223AFB720012A750 /* Frameworks */ = {
			isa = PBXFrameworksBuildPhase;
			buildActionMask = 2147483647;
			files = (
				956869B60F21914B233F8E51 /* Pods_Hanger.framework in Frameworks */,
			);
			runOnlyForDeploymentPostprocessing = 0;
		};
		ED9D6759223AFB730012A750 /* Frameworks */ = {
			isa = PBXFrameworksBuildPhase;
			buildActionMask = 2147483647;
			files = (
				A351A9D2EC19A512320C264D /* Pods_HangerTests.framework in Frameworks */,
			);
			runOnlyForDeploymentPostprocessing = 0;
		};
		ED9D6764223AFB730012A750 /* Frameworks */ = {
			isa = PBXFrameworksBuildPhase;
			buildActionMask = 2147483647;
			files = (
				8BBF7097DFEA8E0F1ED47F5A /* Pods_HangerUITests.framework in Frameworks */,
			);
			runOnlyForDeploymentPostprocessing = 0;
		};
/* End PBXFrameworksBuildPhase section */

/* Begin PBXGroup section */
		1B835898BF405AF8488A6108 /* Frameworks */ = {
			isa = PBXGroup;
			children = (
				81386EF7D8874898FA28C5CB /* Pods_Hanger.framework */,
				DC48C1F32665A12658621122 /* Pods_HangerTests.framework */,
				525CF268D7CD92037FC722AF /* Pods_HangerUITests.framework */,
			);
			name = Frameworks;
			sourceTree = "<group>";
		};
		E36C57006B22D470A374D5D5 /* Pods */ = {
			isa = PBXGroup;
			children = (
				09E9B7E89644E3F1C768DD15 /* Pods-Hanger.debug.xcconfig */,
				154B089F3DC14E5677520DC8 /* Pods-Hanger.release.xcconfig */,
				B97C28E3C427E686C07C95AD /* Pods-HangerTests.debug.xcconfig */,
				9780A8B607A43A6CC694B997 /* Pods-HangerTests.release.xcconfig */,
				419D2146E8EBCECC7026FEFB /* Pods-HangerUITests.debug.xcconfig */,
				D76A012857E3C307AD21E3CA /* Pods-HangerUITests.release.xcconfig */,
			);
			path = Pods;
			sourceTree = "<group>";
		};
		ED9D673F223AFB720012A750 = {
			isa = PBXGroup;
			children = (
				ED9D674A223AFB720012A750 /* Hanger */,
				ED9D675F223AFB730012A750 /* HangerTests */,
				ED9D676A223AFB730012A750 /* HangerUITests */,
				ED9D6749223AFB720012A750 /* Products */,
				E36C57006B22D470A374D5D5 /* Pods */,
				1B835898BF405AF8488A6108 /* Frameworks */,
			);
			sourceTree = "<group>";
		};
		ED9D6749223AFB720012A750 /* Products */ = {
			isa = PBXGroup;
			children = (
				ED9D6748223AFB720012A750 /* Hanger.app */,
				ED9D675C223AFB730012A750 /* HangerTests.xctest */,
				ED9D6767223AFB730012A750 /* HangerUITests.xctest */,
			);
			name = Products;
			sourceTree = "<group>";
		};
		ED9D674A223AFB720012A750 /* Hanger */ = {
			isa = PBXGroup;
			children = (
				ED9D674B223AFB720012A750 /* AppDelegate.swift */,
				ED9D674D223AFB720012A750 /* HomeViewController.swift */,
				ED11D823223F05CE004A76C8 /* LikedClothesViewController.swift */,
				ED11D825223F6650004A76C8 /* LikedItemCollectionViewCell.swift */,
				ED9D674F223AFB720012A750 /* Main.storyboard */,
				ED11D81F223EEB1C004A76C8 /* NoYesButton.swift */,
				ED9D6779223B02FE0012A750 /* ClothingItemView.xib */,
				ED11D821223EF73A004A76C8 /* ClothingItem.swift */,
				ED9D677B223B06170012A750 /* ClothingItemKolodaView.swift */,
				ED9D6752223AFB730012A750 /* Assets.xcassets */,
				ED9D6754223AFB730012A750 /* LaunchScreen.storyboard */,
				ED11D81D223EE7A7004A76C8 /* GiveYouGlory.ttf */,
				ED9D6757223AFB730012A750 /* Info.plist */,
			);
			path = Hanger;
			sourceTree = "<group>";
		};
		ED9D675F223AFB730012A750 /* HangerTests */ = {
			isa = PBXGroup;
			children = (
				ED9D6760223AFB730012A750 /* HangerTests.swift */,
				ED9D6762223AFB730012A750 /* Info.plist */,
			);
			path = HangerTests;
			sourceTree = "<group>";
		};
		ED9D676A223AFB730012A750 /* HangerUITests */ = {
			isa = PBXGroup;
			children = (
				ED9D676B223AFB730012A750 /* HangerUITests.swift */,
				ED9D676D223AFB730012A750 /* Info.plist */,
			);
			path = HangerUITests;
			sourceTree = "<group>";
		};
/* End PBXGroup section */

/* Begin PBXNativeTarget section */
		ED9D6747223AFB720012A750 /* Hanger */ = {
			isa = PBXNativeTarget;
			buildConfigurationList = ED9D6770223AFB730012A750 /* Build configuration list for PBXNativeTarget "Hanger" */;
			buildPhases = (
				DC4F802EBB17C226A3204839 /* [CP] Check Pods Manifest.lock */,
				ED9D6744223AFB720012A750 /* Sources */,
				ED9D6745223AFB720012A750 /* Frameworks */,
				ED9D6746223AFB720012A750 /* Resources */,
				739274CB41576980B3A374E2 /* [CP] Embed Pods Frameworks */,
			);
			buildRules = (
			);
			dependencies = (
			);
			name = Hanger;
			productName = Hanger;
			productReference = ED9D6748223AFB720012A750 /* Hanger.app */;
			productType = "com.apple.product-type.application";
		};
		ED9D675B223AFB730012A750 /* HangerTests */ = {
			isa = PBXNativeTarget;
			buildConfigurationList = ED9D6773223AFB730012A750 /* Build configuration list for PBXNativeTarget "HangerTests" */;
			buildPhases = (
				7241643ABA240D44F53A76E9 /* [CP] Check Pods Manifest.lock */,
				ED9D6758223AFB730012A750 /* Sources */,
				ED9D6759223AFB730012A750 /* Frameworks */,
				ED9D675A223AFB730012A750 /* Resources */,
			);
			buildRules = (
			);
			dependencies = (
				ED9D675E223AFB730012A750 /* PBXTargetDependency */,
			);
			name = HangerTests;
			productName = HangerTests;
			productReference = ED9D675C223AFB730012A750 /* HangerTests.xctest */;
			productType = "com.apple.product-type.bundle.unit-test";
		};
		ED9D6766223AFB730012A750 /* HangerUITests */ = {
			isa = PBXNativeTarget;
			buildConfigurationList = ED9D6776223AFB730012A750 /* Build configuration list for PBXNativeTarget "HangerUITests" */;
			buildPhases = (
				908D8E3377C79C4AD77A4068 /* [CP] Check Pods Manifest.lock */,
				ED9D6763223AFB730012A750 /* Sources */,
				ED9D6764223AFB730012A750 /* Frameworks */,
				ED9D6765223AFB730012A750 /* Resources */,
			);
			buildRules = (
			);
			dependencies = (
				ED9D6769223AFB730012A750 /* PBXTargetDependency */,
			);
			name = HangerUITests;
			productName = HangerUITests;
			productReference = ED9D6767223AFB730012A750 /* HangerUITests.xctest */;
			productType = "com.apple.product-type.bundle.ui-testing";
		};
/* End PBXNativeTarget section */

/* Begin PBXProject section */
		ED9D6740223AFB720012A750 /* Project object */ = {
			isa = PBXProject;
			attributes = {
				LastSwiftUpdateCheck = 1010;
				LastUpgradeCheck = 1010;
				ORGANIZATIONNAME = "Naman Kedia";
				TargetAttributes = {
					ED9D6747223AFB720012A750 = {
						CreatedOnToolsVersion = 10.1;
					};
					ED9D675B223AFB730012A750 = {
						CreatedOnToolsVersion = 10.1;
						TestTargetID = ED9D6747223AFB720012A750;
					};
					ED9D6766223AFB730012A750 = {
						CreatedOnToolsVersion = 10.1;
						TestTargetID = ED9D6747223AFB720012A750;
					};
				};
			};
			buildConfigurationList = ED9D6743223AFB720012A750 /* Build configuration list for PBXProject "Hanger" */;
			compatibilityVersion = "Xcode 9.3";
			developmentRegion = en;
			hasScannedForEncodings = 0;
			knownRegions = (
				en,
				Base,
			);
			mainGroup = ED9D673F223AFB720012A750;
			productRefGroup = ED9D6749223AFB720012A750 /* Products */;
			projectDirPath = "";
			projectRoot = "";
			targets = (
				ED9D6747223AFB720012A750 /* Hanger */,
				ED9D675B223AFB730012A750 /* HangerTests */,
				ED9D6766223AFB730012A750 /* HangerUITests */,
			);
		};
/* End PBXProject section */

/* Begin PBXResourcesBuildPhase section */
		ED9D6746223AFB720012A750 /* Resources */ = {
			isa = PBXResourcesBuildPhase;
			buildActionMask = 2147483647;
			files = (
				ED9D6756223AFB730012A750 /* LaunchScreen.storyboard in Resources */,
				ED9D6753223AFB730012A750 /* Assets.xcassets in Resources */,
				ED9D6751223AFB720012A750 /* Main.storyboard in Resources */,
				ED9D677A223B02FE0012A750 /* ClothingItemView.xib in Resources */,
				ED11D81E223EE7AB004A76C8 /* GiveYouGlory.ttf in Resources */,
			);
			runOnlyForDeploymentPostprocessing = 0;
		};
		ED9D675A223AFB730012A750 /* Resources */ = {
			isa = PBXResourcesBuildPhase;
			buildActionMask = 2147483647;
			files = (
			);
			runOnlyForDeploymentPostprocessing = 0;
		};
		ED9D6765223AFB730012A750 /* Resources */ = {
			isa = PBXResourcesBuildPhase;
			buildActionMask = 2147483647;
			files = (
			);
			runOnlyForDeploymentPostprocessing = 0;
		};
/* End PBXResourcesBuildPhase section */

/* Begin PBXShellScriptBuildPhase section */
		7241643ABA240D44F53A76E9 /* [CP] Check Pods Manifest.lock */ = {
			isa = PBXShellScriptBuildPhase;
			buildActionMask = 2147483647;
			files = (
			);
			inputFileListPaths = (
			);
			inputPaths = (
				"${PODS_PODFILE_DIR_PATH}/Podfile.lock",
				"${PODS_ROOT}/Manifest.lock",
			);
			name = "[CP] Check Pods Manifest.lock";
			outputFileListPaths = (
			);
			outputPaths = (
				"$(DERIVED_FILE_DIR)/Pods-HangerTests-checkManifestLockResult.txt",
			);
			runOnlyForDeploymentPostprocessing = 0;
			shellPath = /bin/sh;
			shellScript = "diff \"${PODS_PODFILE_DIR_PATH}/Podfile.lock\" \"${PODS_ROOT}/Manifest.lock\" > /dev/null\nif [ $? != 0 ] ; then\n    # print error to STDERR\n    echo \"error: The sandbox is not in sync with the Podfile.lock. Run 'pod install' or update your CocoaPods installation.\" >&2\n    exit 1\nfi\n# This output is used by Xcode 'outputs' to avoid re-running this script phase.\necho \"SUCCESS\" > \"${SCRIPT_OUTPUT_FILE_0}\"\n";
			showEnvVarsInLog = 0;
		};
		739274CB41576980B3A374E2 /* [CP] Embed Pods Frameworks */ = {
			isa = PBXShellScriptBuildPhase;
			buildActionMask = 2147483647;
			files = (
			);
			inputFileListPaths = (
			);
			inputPaths = (
				"${PODS_ROOT}/Target Support Files/Pods-Hanger/Pods-Hanger-frameworks.sh",
				"${BUILT_PRODUCTS_DIR}/Koloda/Koloda.framework",
				"${BUILT_PRODUCTS_DIR}/pop/pop.framework",
			);
			name = "[CP] Embed Pods Frameworks";
			outputFileListPaths = (
			);
			outputPaths = (
				"${TARGET_BUILD_DIR}/${FRAMEWORKS_FOLDER_PATH}/Koloda.framework",
				"${TARGET_BUILD_DIR}/${FRAMEWORKS_FOLDER_PATH}/pop.framework",
			);
			runOnlyForDeploymentPostprocessing = 0;
			shellPath = /bin/sh;
			shellScript = "\"${PODS_ROOT}/Target Support Files/Pods-Hanger/Pods-Hanger-frameworks.sh\"\n";
			showEnvVarsInLog = 0;
		};
		908D8E3377C79C4AD77A4068 /* [CP] Check Pods Manifest.lock */ = {
			isa = PBXShellScriptBuildPhase;
			buildActionMask = 2147483647;
			files = (
			);
			inputFileListPaths = (
			);
			inputPaths = (
				"${PODS_PODFILE_DIR_PATH}/Podfile.lock",
				"${PODS_ROOT}/Manifest.lock",
			);
			name = "[CP] Check Pods Manifest.lock";
			outputFileListPaths = (
			);
			outputPaths = (
				"$(DERIVED_FILE_DIR)/Pods-HangerUITests-checkManifestLockResult.txt",
			);
			runOnlyForDeploymentPostprocessing = 0;
			shellPath = /bin/sh;
			shellScript = "diff \"${PODS_PODFILE_DIR_PATH}/Podfile.lock\" \"${PODS_ROOT}/Manifest.lock\" > /dev/null\nif [ $? != 0 ] ; then\n    # print error to STDERR\n    echo \"error: The sandbox is not in sync with the Podfile.lock. Run 'pod install' or update your CocoaPods installation.\" >&2\n    exit 1\nfi\n# This output is used by Xcode 'outputs' to avoid re-running this script phase.\necho \"SUCCESS\" > \"${SCRIPT_OUTPUT_FILE_0}\"\n";
			showEnvVarsInLog = 0;
		};
		DC4F802EBB17C226A3204839 /* [CP] Check Pods Manifest.lock */ = {
			isa = PBXShellScriptBuildPhase;
			buildActionMask = 2147483647;
			files = (
			);
			inputFileListPaths = (
			);
			inputPaths = (
				"${PODS_PODFILE_DIR_PATH}/Podfile.lock",
				"${PODS_ROOT}/Manifest.lock",
			);
			name = "[CP] Check Pods Manifest.lock";
			outputFileListPaths = (
			);
			outputPaths = (
				"$(DERIVED_FILE_DIR)/Pods-Hanger-checkManifestLockResult.txt",
			);
			runOnlyForDeploymentPostprocessing = 0;
			shellPath = /bin/sh;
			shellScript = "diff \"${PODS_PODFILE_DIR_PATH}/Podfile.lock\" \"${PODS_ROOT}/Manifest.lock\" > /dev/null\nif [ $? != 0 ] ; then\n    # print error to STDERR\n    echo \"error: The sandbox is not in sync with the Podfile.lock. Run 'pod install' or update your CocoaPods installation.\" >&2\n    exit 1\nfi\n# This output is used by Xcode 'outputs' to avoid re-running this script phase.\necho \"SUCCESS\" > \"${SCRIPT_OUTPUT_FILE_0}\"\n";
			showEnvVarsInLog = 0;
		};
/* End PBXShellScriptBuildPhase section */

/* Begin PBXSourcesBuildPhase section */
		ED9D6744223AFB720012A750 /* Sources */ = {
			isa = PBXSourcesBuildPhase;
			buildActionMask = 2147483647;
			files = (
				ED11D822223EF73A004A76C8 /* ClothingItem.swift in Sources */,
				ED9D674E223AFB720012A750 /* HomeViewController.swift in Sources */,
				ED9D674C223AFB720012A750 /* AppDelegate.swift in Sources */,
				ED11D820223EEB1C004A76C8 /* NoYesButton.swift in Sources */,
				ED11D824223F05CE004A76C8 /* LikedClothesViewController.swift in Sources */,
				ED11D826223F6650004A76C8 /* LikedItemCollectionViewCell.swift in Sources */,
				ED9D677C223B06170012A750 /* ClothingItemKolodaView.swift in Sources */,
			);
			runOnlyForDeploymentPostprocessing = 0;
		};
		ED9D6758223AFB730012A750 /* Sources */ = {
			isa = PBXSourcesBuildPhase;
			buildActionMask = 2147483647;
			files = (
				ED9D6761223AFB730012A750 /* HangerTests.swift in Sources */,
			);
			runOnlyForDeploymentPostprocessing = 0;
		};
		ED9D6763223AFB730012A750 /* Sources */ = {
			isa = PBXSourcesBuildPhase;
			buildActionMask = 2147483647;
			files = (
				ED9D676C223AFB730012A750 /* HangerUITests.swift in Sources */,
			);
			runOnlyForDeploymentPostprocessing = 0;
		};
/* End PBXSourcesBuildPhase section */

/* Begin PBXTargetDependency section */
		ED9D675E223AFB730012A750 /* PBXTargetDependency */ = {
			isa = PBXTargetDependency;
			target = ED9D6747223AFB720012A750 /* Hanger */;
			targetProxy = ED9D675D223AFB730012A750 /* PBXContainerItemProxy */;
		};
		ED9D6769223AFB730012A750 /* PBXTargetDependency */ = {
			isa = PBXTargetDependency;
			target = ED9D6747223AFB720012A750 /* Hanger */;
			targetProxy = ED9D6768223AFB730012A750 /* PBXContainerItemProxy */;
		};
/* End PBXTargetDependency section */

/* Begin PBXVariantGroup section */
		ED9D674F223AFB720012A750 /* Main.storyboard */ = {
			isa = PBXVariantGroup;
			children = (
				ED9D6750223AFB720012A750 /* Base */,
			);
			name = Main.storyboard;
			sourceTree = "<group>";
		};
		ED9D6754223AFB730012A750 /* LaunchScreen.storyboard */ = {
			isa = PBXVariantGroup;
			children = (
				ED9D6755223AFB730012A750 /* Base */,
			);
			name = LaunchScreen.storyboard;
			sourceTree = "<group>";
		};
/* End PBXVariantGroup section */

/* Begin XCBuildConfiguration section */
		ED9D676E223AFB730012A750 /* Debug */ = {
			isa = XCBuildConfiguration;
			buildSettings = {
				ALWAYS_SEARCH_USER_PATHS = NO;
				CLANG_ANALYZER_NONNULL = YES;
				CLANG_ANALYZER_NUMBER_OBJECT_CONVERSION = YES_AGGRESSIVE;
				CLANG_CXX_LANGUAGE_STANDARD = "gnu++14";
				CLANG_CXX_LIBRARY = "libc++";
				CLANG_ENABLE_MODULES = YES;
				CLANG_ENABLE_OBJC_ARC = YES;
				CLANG_ENABLE_OBJC_WEAK = YES;
				CLANG_WARN_BLOCK_CAPTURE_AUTORELEASING = YES;
				CLANG_WARN_BOOL_CONVERSION = YES;
				CLANG_WARN_COMMA = YES;
				CLANG_WARN_CONSTANT_CONVERSION = YES;
				CLANG_WARN_DEPRECATED_OBJC_IMPLEMENTATIONS = YES;
				CLANG_WARN_DIRECT_OBJC_ISA_USAGE = YES_ERROR;
				CLANG_WARN_DOCUMENTATION_COMMENTS = YES;
				CLANG_WARN_EMPTY_BODY = YES;
				CLANG_WARN_ENUM_CONVERSION = YES;
				CLANG_WARN_INFINITE_RECURSION = YES;
				CLANG_WARN_INT_CONVERSION = YES;
				CLANG_WARN_NON_LITERAL_NULL_CONVERSION = YES;
				CLANG_WARN_OBJC_IMPLICIT_RETAIN_SELF = YES;
				CLANG_WARN_OBJC_LITERAL_CONVERSION = YES;
				CLANG_WARN_OBJC_ROOT_CLASS = YES_ERROR;
				CLANG_WARN_RANGE_LOOP_ANALYSIS = YES;
				CLANG_WARN_STRICT_PROTOTYPES = YES;
				CLANG_WARN_SUSPICIOUS_MOVE = YES;
				CLANG_WARN_UNGUARDED_AVAILABILITY = YES_AGGRESSIVE;
				CLANG_WARN_UNREACHABLE_CODE = YES;
				CLANG_WARN__DUPLICATE_METHOD_MATCH = YES;
				CODE_SIGN_IDENTITY = "iPhone Developer";
				COPY_PHASE_STRIP = NO;
				DEBUG_INFORMATION_FORMAT = dwarf;
				ENABLE_STRICT_OBJC_MSGSEND = YES;
				ENABLE_TESTABILITY = YES;
				GCC_C_LANGUAGE_STANDARD = gnu11;
				GCC_DYNAMIC_NO_PIC = NO;
				GCC_NO_COMMON_BLOCKS = YES;
				GCC_OPTIMIZATION_LEVEL = 0;
				GCC_PREPROCESSOR_DEFINITIONS = (
					"DEBUG=1",
					"$(inherited)",
				);
				GCC_WARN_64_TO_32_BIT_CONVERSION = YES;
				GCC_WARN_ABOUT_RETURN_TYPE = YES_ERROR;
				GCC_WARN_UNDECLARED_SELECTOR = YES;
				GCC_WARN_UNINITIALIZED_AUTOS = YES_AGGRESSIVE;
				GCC_WARN_UNUSED_FUNCTION = YES;
				GCC_WARN_UNUSED_VARIABLE = YES;
				IPHONEOS_DEPLOYMENT_TARGET = 12.1;
				MTL_ENABLE_DEBUG_INFO = INCLUDE_SOURCE;
				MTL_FAST_MATH = YES;
				ONLY_ACTIVE_ARCH = YES;
				SDKROOT = iphoneos;
				SWIFT_ACTIVE_COMPILATION_CONDITIONS = DEBUG;
				SWIFT_OPTIMIZATION_LEVEL = "-Onone";
			};
			name = Debug;
		};
		ED9D676F223AFB730012A750 /* Release */ = {
			isa = XCBuildConfiguration;
			buildSettings = {
				ALWAYS_SEARCH_USER_PATHS = NO;
				CLANG_ANALYZER_NONNULL = YES;
				CLANG_ANALYZER_NUMBER_OBJECT_CONVERSION = YES_AGGRESSIVE;
				CLANG_CXX_LANGUAGE_STANDARD = "gnu++14";
				CLANG_CXX_LIBRARY = "libc++";
				CLANG_ENABLE_MODULES = YES;
				CLANG_ENABLE_OBJC_ARC = YES;
				CLANG_ENABLE_OBJC_WEAK = YES;
				CLANG_WARN_BLOCK_CAPTURE_AUTORELEASING = YES;
				CLANG_WARN_BOOL_CONVERSION = YES;
				CLANG_WARN_COMMA = YES;
				CLANG_WARN_CONSTANT_CONVERSION = YES;
				CLANG_WARN_DEPRECATED_OBJC_IMPLEMENTATIONS = YES;
				CLANG_WARN_DIRECT_OBJC_ISA_USAGE = YES_ERROR;
				CLANG_WARN_DOCUMENTATION_COMMENTS = YES;
				CLANG_WARN_EMPTY_BODY = YES;
				CLANG_WARN_ENUM_CONVERSION = YES;
				CLANG_WARN_INFINITE_RECURSION = YES;
				CLANG_WARN_INT_CONVERSION = YES;
				CLANG_WARN_NON_LITERAL_NULL_CONVERSION = YES;
				CLANG_WARN_OBJC_IMPLICIT_RETAIN_SELF = YES;
				CLANG_WARN_OBJC_LITERAL_CONVERSION = YES;
				CLANG_WARN_OBJC_ROOT_CLASS = YES_ERROR;
				CLANG_WARN_RANGE_LOOP_ANALYSIS = YES;
				CLANG_WARN_STRICT_PROTOTYPES = YES;
				CLANG_WARN_SUSPICIOUS_MOVE = YES;
				CLANG_WARN_UNGUARDED_AVAILABILITY = YES_AGGRESSIVE;
				CLANG_WARN_UNREACHABLE_CODE = YES;
				CLANG_WARN__DUPLICATE_METHOD_MATCH = YES;
				CODE_SIGN_IDENTITY = "iPhone Developer";
				COPY_PHASE_STRIP = NO;
				DEBUG_INFORMATION_FORMAT = "dwarf-with-dsym";
				ENABLE_NS_ASSERTIONS = NO;
				ENABLE_STRICT_OBJC_MSGSEND = YES;
				GCC_C_LANGUAGE_STANDARD = gnu11;
				GCC_NO_COMMON_BLOCKS = YES;
				GCC_WARN_64_TO_32_BIT_CONVERSION = YES;
				GCC_WARN_ABOUT_RETURN_TYPE = YES_ERROR;
				GCC_WARN_UNDECLARED_SELECTOR = YES;
				GCC_WARN_UNINITIALIZED_AUTOS = YES_AGGRESSIVE;
				GCC_WARN_UNUSED_FUNCTION = YES;
				GCC_WARN_UNUSED_VARIABLE = YES;
				IPHONEOS_DEPLOYMENT_TARGET = 12.1;
				MTL_ENABLE_DEBUG_INFO = NO;
				MTL_FAST_MATH = YES;
				SDKROOT = iphoneos;
				SWIFT_COMPILATION_MODE = wholemodule;
				SWIFT_OPTIMIZATION_LEVEL = "-O";
				VALIDATE_PRODUCT = YES;
			};
			name = Release;
		};
		ED9D6771223AFB730012A750 /* Debug */ = {
			isa = XCBuildConfiguration;
			baseConfigurationReference = 09E9B7E89644E3F1C768DD15 /* Pods-Hanger.debug.xcconfig */;
			buildSettings = {
				ASSETCATALOG_COMPILER_APPICON_NAME = AppIcon;
				CODE_SIGN_STYLE = Automatic;
				DEVELOPMENT_TEAM = T252EPP745;
				INFOPLIST_FILE = Hanger/Info.plist;
				LD_RUNPATH_SEARCH_PATHS = (
					"$(inherited)",
					"@executable_path/Frameworks",
				);
				PRODUCT_BUNDLE_IDENTIFIER = naman.Hanger;
				PRODUCT_NAME = "$(TARGET_NAME)";
				SWIFT_VERSION = 4.2;
				TARGETED_DEVICE_FAMILY = "1,2";
			};
			name = Debug;
		};
		ED9D6772223AFB730012A750 /* Release */ = {
			isa = XCBuildConfiguration;
			baseConfigurationReference = 154B089F3DC14E5677520DC8 /* Pods-Hanger.release.xcconfig */;
			buildSettings = {
				ASSETCATALOG_COMPILER_APPICON_NAME = AppIcon;
				CODE_SIGN_STYLE = Automatic;
				DEVELOPMENT_TEAM = T252EPP745;
				INFOPLIST_FILE = Hanger/Info.plist;
				LD_RUNPATH_SEARCH_PATHS = (
					"$(inherited)",
					"@executable_path/Frameworks",
				);
				PRODUCT_BUNDLE_IDENTIFIER = naman.Hanger;
				PRODUCT_NAME = "$(TARGET_NAME)";
				SWIFT_VERSION = 4.2;
				TARGETED_DEVICE_FAMILY = "1,2";
			};
			name = Release;
		};
		ED9D6774223AFB730012A750 /* Debug */ = {
			isa = XCBuildConfiguration;
			baseConfigurationReference = B97C28E3C427E686C07C95AD /* Pods-HangerTests.debug.xcconfig */;
			buildSettings = {
				ALWAYS_EMBED_SWIFT_STANDARD_LIBRARIES = YES;
				BUNDLE_LOADER = "$(TEST_HOST)";
				CODE_SIGN_STYLE = Automatic;
				DEVELOPMENT_TEAM = T252EPP745;
				INFOPLIST_FILE = HangerTests/Info.plist;
				LD_RUNPATH_SEARCH_PATHS = (
					"$(inherited)",
					"@executable_path/Frameworks",
					"@loader_path/Frameworks",
				);
				PRODUCT_BUNDLE_IDENTIFIER = naman.HangerTests;
				PRODUCT_NAME = "$(TARGET_NAME)";
				SWIFT_VERSION = 4.2;
				TARGETED_DEVICE_FAMILY = "1,2";
				TEST_HOST = "$(BUILT_PRODUCTS_DIR)/Hanger.app/Hanger";
			};
			name = Debug;
		};
		ED9D6775223AFB730012A750 /* Release */ = {
			isa = XCBuildConfiguration;
			baseConfigurationReference = 9780A8B607A43A6CC694B997 /* Pods-HangerTests.release.xcconfig */;
			buildSettings = {
				ALWAYS_EMBED_SWIFT_STANDARD_LIBRARIES = YES;
				BUNDLE_LOADER = "$(TEST_HOST)";
				CODE_SIGN_STYLE = Automatic;
				DEVELOPMENT_TEAM = T252EPP745;
				INFOPLIST_FILE = HangerTests/Info.plist;
				LD_RUNPATH_SEARCH_PATHS = (
					"$(inherited)",
					"@executable_path/Frameworks",
					"@loader_path/Frameworks",
				);
				PRODUCT_BUNDLE_IDENTIFIER = naman.HangerTests;
				PRODUCT_NAME = "$(TARGET_NAME)";
				SWIFT_VERSION = 4.2;
				TARGETED_DEVICE_FAMILY = "1,2";
				TEST_HOST = "$(BUILT_PRODUCTS_DIR)/Hanger.app/Hanger";
			};
			name = Release;
		};
		ED9D6777223AFB730012A750 /* Debug */ = {
			isa = XCBuildConfiguration;
			baseConfigurationReference = 419D2146E8EBCECC7026FEFB /* Pods-HangerUITests.debug.xcconfig */;
			buildSettings = {
				ALWAYS_EMBED_SWIFT_STANDARD_LIBRARIES = YES;
				CODE_SIGN_STYLE = Automatic;
				DEVELOPMENT_TEAM = T252EPP745;
				INFOPLIST_FILE = HangerUITests/Info.plist;
				LD_RUNPATH_SEARCH_PATHS = (
					"$(inherited)",
					"@executable_path/Frameworks",
					"@loader_path/Frameworks",
				);
				PRODUCT_BUNDLE_IDENTIFIER = naman.HangerUITests;
				PRODUCT_NAME = "$(TARGET_NAME)";
				SWIFT_VERSION = 4.2;
				TARGETED_DEVICE_FAMILY = "1,2";
				TEST_TARGET_NAME = Hanger;
			};
			name = Debug;
		};
		ED9D6778223AFB730012A750 /* Release */ = {
			isa = XCBuildConfiguration;
			baseConfigurationReference = D76A012857E3C307AD21E3CA /* Pods-HangerUITests.release.xcconfig */;
			buildSettings = {
				ALWAYS_EMBED_SWIFT_STANDARD_LIBRARIES = YES;
				CODE_SIGN_STYLE = Automatic;
				DEVELOPMENT_TEAM = T252EPP745;
				INFOPLIST_FILE = HangerUITests/Info.plist;
				LD_RUNPATH_SEARCH_PATHS = (
					"$(inherited)",
					"@executable_path/Frameworks",
					"@loader_path/Frameworks",
				);
				PRODUCT_BUNDLE_IDENTIFIER = naman.HangerUITests;
				PRODUCT_NAME = "$(TARGET_NAME)";
				SWIFT_VERSION = 4.2;
				TARGETED_DEVICE_FAMILY = "1,2";
				TEST_TARGET_NAME = Hanger;
			};
			name = Release;
		};
/* End XCBuildConfiguration section */

/* Begin XCConfigurationList section */
		ED9D6743223AFB720012A750 /* Build configuration list for PBXProject "Hanger" */ = {
			isa = XCConfigurationList;
			buildConfigurations = (
				ED9D676E223AFB730012A750 /* Debug */,
				ED9D676F223AFB730012A750 /* Release */,
			);
			defaultConfigurationIsVisible = 0;
			defaultConfigurationName = Release;
		};
		ED9D6770223AFB730012A750 /* Build configuration list for PBXNativeTarget "Hanger" */ = {
			isa = XCConfigurationList;
			buildConfigurations = (
				ED9D6771223AFB730012A750 /* Debug */,
				ED9D6772223AFB730012A750 /* Release */,
			);
			defaultConfigurationIsVisible = 0;
			defaultConfigurationName = Release;
		};
		ED9D6773223AFB730012A750 /* Build configuration list for PBXNativeTarget "HangerTests" */ = {
			isa = XCConfigurationList;
			buildConfigurations = (
				ED9D6774223AFB730012A750 /* Debug */,
				ED9D6775223AFB730012A750 /* Release */,
			);
			defaultConfigurationIsVisible = 0;
			defaultConfigurationName = Release;
		};
		ED9D6776223AFB730012A750 /* Build configuration list for PBXNativeTarget "HangerUITests" */ = {
			isa = XCConfigurationList;
			buildConfigurations = (
				ED9D6777223AFB730012A750 /* Debug */,
				ED9D6778223AFB730012A750 /* Release */,
			);
			defaultConfigurationIsVisible = 0;
			defaultConfigurationName = Release;
		};
/* End XCConfigurationList section */
	};
	rootObject = ED9D6740223AFB720012A750 /* Project object */;
}
